{
  "lockfile_version": "1",
  "packages": {
    "github:NixOS/nixpkgs/nixpkgs-unstable": {
      "last_modified": "2025-04-23T03:04:08Z",
      "resolved": "github:NixOS/nixpkgs/507b63021ada5fee621b6ca371c4fca9ca46f52c?lastModified=1745377448&narHash=sha256-jhZDfXVKdD7TSEGgzFJQvEEZ2K65UMiqW5YJ2aIqxMA%3D"
    },
    "python@3.12.6": {
      "last_modified": "2024-10-13T23:44:06Z",
      "plugin_version": "0.0.4",
      "resolved": "github:NixOS/nixpkgs/d4f247e89f6e10120f911e2e2d2254a050d0f732#python3",
      "source": "devbox-search",
      "version": "3.12.6",
      "systems": {
        "aarch64-darwin": {
          "outputs": [
            {
              "name": "out",
              "path": "/nix/store/ybnf7k6i9p244bbhsbxizqk65z58cwyr-python3-3.12.6",
              "default": true
            }
          ],
          "store_path": "/nix/store/ybnf7k6i9p244bbhsbxizqk65z58cwyr-python3-3.12.6"
        },
        "aarch64-linux": {
          "outputs": [
            {
              "name": "out",
              "path": "/nix/store/pv8p76ihrnqf81xan9qnv53ks84wmp07-python3-3.12.6",
              "default": true
            },
            {
              "name": "debug",
              "path": "/nix/store/qk5wzj1q68jdvnzph5ckiir2wj87qygq-python3-3.12.6-debug"
            }
          ],
          "store_path": "/nix/store/pv8p76ihrnqf81xan9qnv53ks84wmp07-python3-3.12.6"
        },
        "x86_64-darwin": {
          "outputs": [
            {
              "name": "out",
              "path": "/nix/store/d30gb7nm3bnd58a5c3gwnmxywzbls69v-python3-3.12.6",
              "default": true
            }
          ],
          "store_path": "/nix/store/d30gb7nm3bnd58a5c3gwnmxywzbls69v-python3-3.12.6"
        },
        "x86_64-linux": {
          "outputs": [
            {
              "name": "out",
              "path": "/nix/store/wfbjq35kxs6x83c3ncpfxdyl5gbhdx4h-python3-3.12.6",
              "default": true
            },
            {
              "name": "debug",
              "path": "/nix/store/wmg3whp163d4y3www9kfziwks1yn6k9i-python3-3.12.6-debug"
            }
          ],
          "store_path": "/nix/store/wfbjq35kxs6x83c3ncpfxdyl5gbhdx4h-python3-3.12.6"
        }
      }
    },
    "shellcheck@latest": {
      "last_modified": "2025-03-11T17:52:14Z",
      "resolved": "github:NixOS/nixpkgs/0d534853a55b5d02a4ababa1d71921ce8f0aee4c#shellcheck",
      "source": "devbox-search",
      "version": "0.10.0",
      "systems": {
        "aarch64-darwin": {
          "outputs": [
            {
              "name": "bin",
              "path": "/nix/store/325gxaqj2jf8is7bl9l76xrg4lshm72f-shellcheck-0.10.0-bin",
              "default": true
            },
            {
              "name": "man",
              "path": "/nix/store/g62azyf0p9xj0d9j90dr7yhasbdnm7dk-shellcheck-0.10.0-man",
              "default": true
            },
            {
              "name": "doc",
              "path": "/nix/store/rjln13sbb4g1i6izlymwdj0ns5mlkdk9-shellcheck-0.10.0-doc",
              "default": true
            },
            {
              "name": "out",
              "path": "/nix/store/ch4cq7jdr08fm5anfwj9jr559v8lq5i2-shellcheck-0.10.0"
            }
          ],
          "store_path": "/nix/store/325gxaqj2jf8is7bl9l76xrg4lshm72f-shellcheck-0.10.0-bin"
        },
        "aarch64-linux": {
          "outputs": [
            {
              "name": "bin",
              "path": "/nix/store/8dms6gifrl0nxsmyw8nqvaih76wpg8g9-shellcheck-0.10.0-bin",
              "default": true
            },
            {
              "name": "man",
              "path": "/nix/store/rjsxjaw71a8wlzr1l1d5943mra0ai4k4-shellcheck-0.10.0-man",
              "default": true
            },
            {
              "name": "doc",
              "path": "/nix/store/y7wnhqz65ysb5lgqmlpn23r7wzlf640y-shellcheck-0.10.0-doc",
              "default": true
            },
            {
              "name": "out",
              "path": "/nix/store/qrbaajgcd7a2i4ihrzyg6x4wzlybbri6-shellcheck-0.10.0"
            }
          ],
          "store_path": "/nix/store/8dms6gifrl0nxsmyw8nqvaih76wpg8g9-shellcheck-0.10.0-bin"
        },
        "x86_64-darwin": {
          "outputs": [
            {
              "name": "bin",
              "path": "/nix/store/k17i8v7crc5hv7lzi490hjg40rc1xmvz-shellcheck-0.10.0-bin",
              "default": true
            },
            {
              "name": "man",
              "path": "/nix/store/cim6ifqys4d38wqx71gkiw9s7wm3m0vh-shellcheck-0.10.0-man",
              "default": true
            },
            {
              "name": "doc",
              "path": "/nix/store/hc649lnlbbwzy50kg81ib3h0bwadv70w-shellcheck-0.10.0-doc",
              "default": true
            },
            {
              "name": "out",
              "path": "/nix/store/vxih59dn7w40cny8v5r28ca5g8kmahvl-shellcheck-0.10.0"
            }
          ],
          "store_path": "/nix/store/k17i8v7crc5hv7lzi490hjg40rc1xmvz-shellcheck-0.10.0-bin"
        },
        "x86_64-linux": {
          "outputs": [
            {
              "name": "bin",
              "path": "/nix/store/9fpjy43dvmhrzdvf6djvfdj76c7xpvmi-shellcheck-0.10.0-bin",
              "default": true
            },
            {
              "name": "man",
              "path": "/nix/store/k6zkrm60hyxm7rvqp91761m2ksx0d1p8-shellcheck-0.10.0-man",
              "default": true
            },
            {
              "name": "doc",
              "path": "/nix/store/bwqhilfkvfayf8269lmfn6077gkrwg3z-shellcheck-0.10.0-doc",
              "default": true
            },
            {
              "name": "out",
              "path": "/nix/store/xf4c1r7dahlnwl3d9mww2c339is3rrqc-shellcheck-0.10.0"
            }
          ],
          "store_path": "/nix/store/9fpjy43dvmhrzdvf6djvfdj76c7xpvmi-shellcheck-0.10.0-bin"
        }
      }
    },
    "uv@latest": {
      "last_modified": "2025-04-10T20:20:34Z",
      "resolved": "github:NixOS/nixpkgs/d19cf9dfc633816a437204555afeb9e722386b76#uv",
      "source": "devbox-search",
      "version": "0.6.14",
      "systems": {
        "aarch64-darwin": {
          "outputs": [
            {
              "name": "out",
              "path": "/nix/store/9f492dxkf4qkvkr0n950xphmqjh29pwk-uv-0.6.14",
              "default": true
            }
          ],
          "store_path": "/nix/store/9f492dxkf4qkvkr0n950xphmqjh29pwk-uv-0.6.14"
        },
        "aarch64-linux": {
          "outputs": [
            {
              "name": "out",
              "path": "/nix/store/ana816flfaf6sh76h9xswphq9lyb0iv6-uv-0.6.14",
              "default": true
            }
          ],
          "store_path": "/nix/store/ana816flfaf6sh76h9xswphq9lyb0iv6-uv-0.6.14"
        },
        "x86_64-darwin": {
          "outputs": [
            {
              "name": "out",
              "path": "/nix/store/z6mxd485vrkyxdw57zlldmsqahpqfsi6-uv-0.6.14",
              "default": true
            }
          ],
          "store_path": "/nix/store/z6mxd485vrkyxdw57zlldmsqahpqfsi6-uv-0.6.14"
        },
        "x86_64-linux": {
          "outputs": [
            {
              "name": "out",
              "path": "/nix/store/z4ld2kivcl6hmj4k8i5x7wbfmmsfyvm2-uv-0.6.14",
              "default": true
            }
          ],
          "store_path": "/nix/store/z4ld2kivcl6hmj4k8i5x7wbfmmsfyvm2-uv-0.6.14"
        }
      }
    }
  }
}
